
Microsoft Visual Studio Solution File, Format Version 12.00
# Visual Studio Version 17
VisualStudioVersion = 17.0.32126.317
MinimumVisualStudioVersion = 10.0.40219.1
Project("{FAE04EC0-301F-11D3-BF4B-00C04F79EFBC}") = "PluginUI", "PluginUI\PluginUI.csproj", "{06BB814B-EA11-4BF2-9DB7-B82CED08C2FE}"
EndProject
Project("{9A19103F-16F7-4668-BE54-9A1E7A4F7556}") = "Plugin", "Plugin\Plugin.csproj", "{2D760521-52CC-468E-B7A7-96479DF97617}"
EndProject
Project("{FAE04EC0-301F-11D3-BF4B-00C04F79EFBC}") = "KompasWrapper", "KompasWrapper\KompasWrapper.csproj", "{1A135F3A-DABB-4893-B203-F1E0C981A3EE}"
EndProject
Project("{FAE04EC0-301F-11D3-BF4B-00C04F79EFBC}") = "PluginUnitTests", "PluginUnitTests\PluginUnitTests.csproj", "{5048F956-7E1A-4DCB-A93D-AB335540A40C}"
EndProject
Global
	GlobalSection(SolutionConfigurationPlatforms) = preSolution
		Debug|Any CPU = Debug|Any CPU
		Release|Any CPU = Release|Any CPU
	EndGlobalSection
	GlobalSection(ProjectConfigurationPlatforms) = postSolution
		{06BB814B-EA11-4BF2-9DB7-B82CED08C2FE}.Debug|Any CPU.ActiveCfg = Debug|Any CPU
		{06BB814B-EA11-4BF2-9DB7-B82CED08C2FE}.Debug|Any CPU.Build.0 = Debug|Any CPU
		{06BB814B-EA11-4BF2-9DB7-B82CED08C2FE}.Release|Any CPU.ActiveCfg = Release|Any CPU
		{06BB814B-EA11-4BF2-9DB7-B82CED08C2FE}.Release|Any CPU.Build.0 = Release|Any CPU
		{2D760521-52CC-468E-B7A7-96479DF97617}.Debug|Any CPU.ActiveCfg = Debug|Any CPU
		{2D760521-52CC-468E-B7A7-96479DF97617}.Debug|Any CPU.Build.0 = Debug|Any CPU
		{2D760521-52CC-468E-B7A7-96479DF97617}.Release|Any CPU.ActiveCfg = Release|Any CPU
		{2D760521-52CC-468E-B7A7-96479DF97617}.Release|Any CPU.Build.0 = Release|Any CPU
		{1A135F3A-DABB-4893-B203-F1E0C981A3EE}.Debug|Any CPU.ActiveCfg = Debug|Any CPU
		{1A135F3A-DABB-4893-B203-F1E0C981A3EE}.Debug|Any CPU.Build.0 = Debug|Any CPU
		{1A135F3A-DABB-4893-B203-F1E0C981A3EE}.Release|Any CPU.ActiveCfg = Release|Any CPU
		{1A135F3A-DABB-4893-B203-F1E0C981A3EE}.Release|Any CPU.Build.0 = Release|Any CPU
		{5048F956-7E1A-4DCB-A93D-AB335540A40C}.Debug|Any CPU.ActiveCfg = Debug|Any CPU
		{5048F956-7E1A-4DCB-A93D-AB335540A40C}.Debug|Any CPU.Build.0 = Debug|Any CPU
		{5048F956-7E1A-4DCB-A93D-AB335540A40C}.Release|Any CPU.ActiveCfg = Release|Any CPU
		{5048F956-7E1A-4DCB-A93D-AB335540A40C}.Release|Any CPU.Build.0 = Release|Any CPU
	EndGlobalSection
	GlobalSection(SolutionProperties) = preSolution
		HideSolutionNode = FALSE
	EndGlobalSection
	GlobalSection(ExtensibilityGlobals) = postSolution
		SolutionGuid = {A290A7CC-2FEA-4F61-8661-FAF784320EB1}
	EndGlobalSection
EndGlobal
